
Microsoft Visual Studio Solution File, Format Version 12.00
# Visual Studio 2013
VisualStudioVersion = 12.0.40629.0
MinimumVisualStudioVersion = 10.0.40219.1
Project("{2150E333-8FDC-42A3-9474-1A3956D46DE8}") = "NesneOlusturmasinaIliskinPaternler", "NesneOlusturmasinaIliskinPaternler", "{2B7BD5C6-62BF-4D36-9A36-9E7856431E09}"
EndProject
Project("{2150E333-8FDC-42A3-9474-1A3956D46DE8}") = "DavranissalPaternler", "DavranissalPaternler", "{13A8CA0F-EB41-4142-973C-F823A861260C}"
EndProject
Project("{2150E333-8FDC-42A3-9474-1A3956D46DE8}") = "YapisalPaternler", "YapisalPaternler", "{EA8D3247-8125-456B-B190-320B1B69D658}"
EndProject
Project("{FAE04EC0-301F-11D3-BF4B-00C04F79EFBC}") = "Singleton", "Singleton\Singleton.csproj", "{7DB1033E-0798-40E9-9D4A-D0634661957A}"
EndProject
Project("{FAE04EC0-301F-11D3-BF4B-00C04F79EFBC}") = "FactoryMethod", "FactoryMethod\FactoryMethod.csproj", "{41C59E4B-BBA5-4154-AE03-E119DAB5B615}"
EndProject
Project("{FAE04EC0-301F-11D3-BF4B-00C04F79EFBC}") = "Iterator", "Iterator\Iterator.csproj", "{F713EEBF-261A-4289-AA83-353614F764DD}"
EndProject
Project("{FAE04EC0-301F-11D3-BF4B-00C04F79EFBC}") = "Observer", "Observer\Observer.csproj", "{535B7866-F1A2-4181-B66F-C6BF3C0A2BE0}"
EndProject
Project("{FAE04EC0-301F-11D3-BF4B-00C04F79EFBC}") = "Observer.DotNetObserverIdiom", "Observer.DotNetObserverIdiom\Observer.DotNetObserverIdiom.csproj", "{7A64A34F-F853-4B04-8A96-2CF6719F29CA}"
EndProject
Project("{FAE04EC0-301F-11D3-BF4B-00C04F79EFBC}") = "Mediator", "Mediator\Mediator.csproj", "{1FBDBBEB-759D-476B-BEFE-2EFD472D4308}"
EndProject
Project("{FAE04EC0-301F-11D3-BF4B-00C04F79EFBC}") = "Mediator.Sohbet", "Mediator.Sohbet\Mediator.Sohbet.csproj", "{BD206078-84A2-4F4C-8619-6ED18C70A36A}"
EndProject
Global
	GlobalSection(SolutionConfigurationPlatforms) = preSolution
		Debug|Any CPU = Debug|Any CPU
		Release|Any CPU = Release|Any CPU
	EndGlobalSection
	GlobalSection(ProjectConfigurationPlatforms) = postSolution
		{7DB1033E-0798-40E9-9D4A-D0634661957A}.Debug|Any CPU.ActiveCfg = Debug|Any CPU
		{7DB1033E-0798-40E9-9D4A-D0634661957A}.Debug|Any CPU.Build.0 = Debug|Any CPU
		{7DB1033E-0798-40E9-9D4A-D0634661957A}.Release|Any CPU.ActiveCfg = Release|Any CPU
		{7DB1033E-0798-40E9-9D4A-D0634661957A}.Release|Any CPU.Build.0 = Release|Any CPU
		{41C59E4B-BBA5-4154-AE03-E119DAB5B615}.Debug|Any CPU.ActiveCfg = Debug|Any CPU
		{41C59E4B-BBA5-4154-AE03-E119DAB5B615}.Debug|Any CPU.Build.0 = Debug|Any CPU
		{41C59E4B-BBA5-4154-AE03-E119DAB5B615}.Release|Any CPU.ActiveCfg = Release|Any CPU
		{41C59E4B-BBA5-4154-AE03-E119DAB5B615}.Release|Any CPU.Build.0 = Release|Any CPU
		{F713EEBF-261A-4289-AA83-353614F764DD}.Debug|Any CPU.ActiveCfg = Debug|Any CPU
		{F713EEBF-261A-4289-AA83-353614F764DD}.Debug|Any CPU.Build.0 = Debug|Any CPU
		{F713EEBF-261A-4289-AA83-353614F764DD}.Release|Any CPU.ActiveCfg = Release|Any CPU
		{F713EEBF-261A-4289-AA83-353614F764DD}.Release|Any CPU.Build.0 = Release|Any CPU
		{535B7866-F1A2-4181-B66F-C6BF3C0A2BE0}.Debug|Any CPU.ActiveCfg = Debug|Any CPU
		{535B7866-F1A2-4181-B66F-C6BF3C0A2BE0}.Debug|Any CPU.Build.0 = Debug|Any CPU
		{535B7866-F1A2-4181-B66F-C6BF3C0A2BE0}.Release|Any CPU.ActiveCfg = Release|Any CPU
		{535B7866-F1A2-4181-B66F-C6BF3C0A2BE0}.Release|Any CPU.Build.0 = Release|Any CPU
		{7A64A34F-F853-4B04-8A96-2CF6719F29CA}.Debug|Any CPU.ActiveCfg = Debug|Any CPU
		{7A64A34F-F853-4B04-8A96-2CF6719F29CA}.Debug|Any CPU.Build.0 = Debug|Any CPU
		{7A64A34F-F853-4B04-8A96-2CF6719F29CA}.Release|Any CPU.ActiveCfg = Release|Any CPU
		{7A64A34F-F853-4B04-8A96-2CF6719F29CA}.Release|Any CPU.Build.0 = Release|Any CPU
		{1FBDBBEB-759D-476B-BEFE-2EFD472D4308}.Debug|Any CPU.ActiveCfg = Debug|Any CPU
		{1FBDBBEB-759D-476B-BEFE-2EFD472D4308}.Debug|Any CPU.Build.0 = Debug|Any CPU
		{1FBDBBEB-759D-476B-BEFE-2EFD472D4308}.Release|Any CPU.ActiveCfg = Release|Any CPU
		{1FBDBBEB-759D-476B-BEFE-2EFD472D4308}.Release|Any CPU.Build.0 = Release|Any CPU
		{BD206078-84A2-4F4C-8619-6ED18C70A36A}.Debug|Any CPU.ActiveCfg = Debug|Any CPU
		{BD206078-84A2-4F4C-8619-6ED18C70A36A}.Debug|Any CPU.Build.0 = Debug|Any CPU
		{BD206078-84A2-4F4C-8619-6ED18C70A36A}.Release|Any CPU.ActiveCfg = Release|Any CPU
		{BD206078-84A2-4F4C-8619-6ED18C70A36A}.Release|Any CPU.Build.0 = Release|Any CPU
	EndGlobalSection
	GlobalSection(SolutionProperties) = preSolution
		HideSolutionNode = FALSE
	EndGlobalSection
	GlobalSection(NestedProjects) = preSolution
		{7DB1033E-0798-40E9-9D4A-D0634661957A} = {2B7BD5C6-62BF-4D36-9A36-9E7856431E09}
		{41C59E4B-BBA5-4154-AE03-E119DAB5B615} = {2B7BD5C6-62BF-4D36-9A36-9E7856431E09}
		{F713EEBF-261A-4289-AA83-353614F764DD} = {13A8CA0F-EB41-4142-973C-F823A861260C}
		{535B7866-F1A2-4181-B66F-C6BF3C0A2BE0} = {13A8CA0F-EB41-4142-973C-F823A861260C}
		{7A64A34F-F853-4B04-8A96-2CF6719F29CA} = {13A8CA0F-EB41-4142-973C-F823A861260C}
		{1FBDBBEB-759D-476B-BEFE-2EFD472D4308} = {13A8CA0F-EB41-4142-973C-F823A861260C}
		{BD206078-84A2-4F4C-8619-6ED18C70A36A} = {13A8CA0F-EB41-4142-973C-F823A861260C}
	EndGlobalSection
EndGlobal
